{
  "requires": true,
  "lockfileVersion": 1,
  "dependencies": {
    "bootstrap": {
      "version": "4.6.0",
      "resolved": "https://registry.npmjs.org/bootstrap/-/bootstrap-4.6.0.tgz",
      "integrity": "sha512-Io55IuQY3kydzHtbGvQya3H+KorS/M9rSNyfCGCg9WZ4pyT/lCxIlpJgG1GXW/PswzC84Tr2fBYi+7+jFVQQBw=="
  },
  "@openzeppelin/contracts": {
    "version": "3.4.1",
    "resolved": "https://registry.npmjs.org/@openzeppelin/contracts/-/contracts-3.4.1.tgz",
    "integrity": "sha512-cUriqMauq1ylzP2TxePNdPqkwI7Le3Annh4K9rrpvKfSBB/bdW+Iu1ihBaTIABTAAJ85LmKL5SSPPL9ry8d1gQ=="
  }
 }
}
